// !$*UTF8*$!
{
	archiveVersion = 1;
	classes = {
	};
	objectVersion = 46;
	objects = {

/* Begin PBXBuildFile section */
		C707085D1CF603BC00FC6333 /* StudentLocation+CoreDataProperties.swift in Sources */ = {isa = PBXBuildFile; fileRef = C707085B1CF603BC00FC6333 /* StudentLocation+CoreDataProperties.swift */; };
		C707085E1CF603BC00FC6333 /* StudentLocation.swift in Sources */ = {isa = PBXBuildFile; fileRef = C707085C1CF603BC00FC6333 /* StudentLocation.swift */; };
		C75E12BE1CED0F18002AA0F5 /* LoginViewController.swift in Sources */ = {isa = PBXBuildFile; fileRef = C75E12BD1CED0F18002AA0F5 /* LoginViewController.swift */; };
		C75FC60B1CED051300893F45 /* AppDelegate.swift in Sources */ = {isa = PBXBuildFile; fileRef = C75FC60A1CED051300893F45 /* AppDelegate.swift */; };
		C75FC6131CED051400893F45 /* P3_OnTheMap_CoreData.xcdatamodeld in Sources */ = {isa = PBXBuildFile; fileRef = C75FC6111CED051400893F45 /* P3_OnTheMap_CoreData.xcdatamodeld */; };
		C75FC6151CED051400893F45 /* Assets.xcassets in Resources */ = {isa = PBXBuildFile; fileRef = C75FC6141CED051400893F45 /* Assets.xcassets */; };
		C75FC6181CED051400893F45 /* LaunchScreen.storyboard in Resources */ = {isa = PBXBuildFile; fileRef = C75FC6161CED051400893F45 /* LaunchScreen.storyboard */; };
		C75FC62F1CED06A300893F45 /* ParseAPI.swift in Sources */ = {isa = PBXBuildFile; fileRef = C75FC6271CED06A300893F45 /* ParseAPI.swift */; };
		C75FC6301CED06A300893F45 /* RequestBuilder.swift in Sources */ = {isa = PBXBuildFile; fileRef = C75FC6281CED06A300893F45 /* RequestBuilder.swift */; };
		C75FC6311CED06A300893F45 /* StudentInfo.swift in Sources */ = {isa = PBXBuildFile; fileRef = C75FC6291CED06A300893F45 /* StudentInfo.swift */; };
		C75FC6321CED06A300893F45 /* StudentInfoMethods.swift in Sources */ = {isa = PBXBuildFile; fileRef = C75FC62A1CED06A300893F45 /* StudentInfoMethods.swift */; };
		C75FC6341CED06A300893F45 /* UdacityLoginController.swift in Sources */ = {isa = PBXBuildFile; fileRef = C75FC62C1CED06A300893F45 /* UdacityLoginController.swift */; };
		C76770201CF3C4FA007965B9 /* URLResponseCheck.swift in Sources */ = {isa = PBXBuildFile; fileRef = C767701F1CF3C4FA007965B9 /* URLResponseCheck.swift */; };
		C77962CD1CFCAA6100517530 /* Main.storyboard in Resources */ = {isa = PBXBuildFile; fileRef = C77962CB1CFCAA6100517530 /* Main.storyboard */; };
		C7860CAC1CFA6A7C008F9514 /* InfoPostViewController.swift in Sources */ = {isa = PBXBuildFile; fileRef = C7860CAB1CFA6A7C008F9514 /* InfoPostViewController.swift */; };
		C79946771CEF5DDF00961D95 /* DataHandler.swift in Sources */ = {isa = PBXBuildFile; fileRef = C79946761CEF5DDF00961D95 /* DataHandler.swift */; };
		C7BCB3D41CF35188007578B7 /* UdacityUserInfo+CoreDataProperties.swift in Sources */ = {isa = PBXBuildFile; fileRef = C7BCB3D21CF35188007578B7 /* UdacityUserInfo+CoreDataProperties.swift */; };
		C7BCB3D51CF35188007578B7 /* UdacityUserInfo.swift in Sources */ = {isa = PBXBuildFile; fileRef = C7BCB3D31CF35188007578B7 /* UdacityUserInfo.swift */; };
		C7CDBA841CF2802000E527D7 /* CoreDataStack.swift in Sources */ = {isa = PBXBuildFile; fileRef = C7CDBA831CF2802000E527D7 /* CoreDataStack.swift */; };
		C7D614C41CFBCEAF00409DBA /* UserLocationViewController.swift in Sources */ = {isa = PBXBuildFile; fileRef = C7D614C31CFBCEAF00409DBA /* UserLocationViewController.swift */; };
		C7E125EB1CF75FF50002E7AC /* ApplicationDataStorage.swift in Sources */ = {isa = PBXBuildFile; fileRef = C7E125EA1CF75FF50002E7AC /* ApplicationDataStorage.swift */; };
		C7E125ED1CF761110002E7AC /* TableViewController.swift in Sources */ = {isa = PBXBuildFile; fileRef = C7E125EC1CF761110002E7AC /* TableViewController.swift */; };
		C7FB272A1CF4A0CB00553752 /* MapViewController.swift in Sources */ = {isa = PBXBuildFile; fileRef = C7FB27291CF4A0CB00553752 /* MapViewController.swift */; };
/* End PBXBuildFile section */

/* Begin PBXFileReference section */
		C707085B1CF603BC00FC6333 /* StudentLocation+CoreDataProperties.swift */ = {isa = PBXFileReference; fileEncoding = 4; lastKnownFileType = sourcecode.swift; path = "StudentLocation+CoreDataProperties.swift"; sourceTree = "<group>"; };
		C707085C1CF603BC00FC6333 /* StudentLocation.swift */ = {isa = PBXFileReference; fileEncoding = 4; lastKnownFileType = sourcecode.swift; path = StudentLocation.swift; sourceTree = "<group>"; };
		C75E12BD1CED0F18002AA0F5 /* LoginViewController.swift */ = {isa = PBXFileReference; fileEncoding = 4; lastKnownFileType = sourcecode.swift; path = LoginViewController.swift; sourceTree = "<group>"; };
		C75FC6071CED051300893F45 /* OnTheMap.app */ = {isa = PBXFileReference; explicitFileType = wrapper.application; includeInIndex = 0; path = OnTheMap.app; sourceTree = BUILT_PRODUCTS_DIR; };
		C75FC60A1CED051300893F45 /* AppDelegate.swift */ = {isa = PBXFileReference; lastKnownFileType = sourcecode.swift; path = AppDelegate.swift; sourceTree = "<group>"; };
		C75FC6121CED051400893F45 /* P3_OnTheMap_CoreData.xcdatamodel */ = {isa = PBXFileReference; lastKnownFileType = wrapper.xcdatamodel; path = P3_OnTheMap_CoreData.xcdatamodel; sourceTree = "<group>"; };
		C75FC6141CED051400893F45 /* Assets.xcassets */ = {isa = PBXFileReference; lastKnownFileType = folder.assetcatalog; path = Assets.xcassets; sourceTree = "<group>"; };
		C75FC6171CED051400893F45 /* Base */ = {isa = PBXFileReference; lastKnownFileType = file.storyboard; name = Base; path = Base.lproj/LaunchScreen.storyboard; sourceTree = "<group>"; };
		C75FC6191CED051400893F45 /* Info.plist */ = {isa = PBXFileReference; lastKnownFileType = text.plist.xml; path = Info.plist; sourceTree = "<group>"; };
		C75FC6271CED06A300893F45 /* ParseAPI.swift */ = {isa = PBXFileReference; fileEncoding = 4; lastKnownFileType = sourcecode.swift; path = ParseAPI.swift; sourceTree = "<group>"; };
		C75FC6281CED06A300893F45 /* RequestBuilder.swift */ = {isa = PBXFileReference; fileEncoding = 4; lastKnownFileType = sourcecode.swift; path = RequestBuilder.swift; sourceTree = "<group>"; };
		C75FC6291CED06A300893F45 /* StudentInfo.swift */ = {isa = PBXFileReference; fileEncoding = 4; lastKnownFileType = sourcecode.swift; path = StudentInfo.swift; sourceTree = "<group>"; };
		C75FC62A1CED06A300893F45 /* StudentInfoMethods.swift */ = {isa = PBXFileReference; fileEncoding = 4; lastKnownFileType = sourcecode.swift; path = StudentInfoMethods.swift; sourceTree = "<group>"; };
		C75FC62C1CED06A300893F45 /* UdacityLoginController.swift */ = {isa = PBXFileReference; fileEncoding = 4; lastKnownFileType = sourcecode.swift; path = UdacityLoginController.swift; sourceTree = "<group>"; };
		C767701F1CF3C4FA007965B9 /* URLResponseCheck.swift */ = {isa = PBXFileReference; fileEncoding = 4; lastKnownFileType = sourcecode.swift; path = URLResponseCheck.swift; sourceTree = "<group>"; };
		C77962C91CFCA1D200517530 /* CoreLocation.framework */ = {isa = PBXFileReference; lastKnownFileType = wrapper.framework; name = CoreLocation.framework; path = System/Library/Frameworks/CoreLocation.framework; sourceTree = SDKROOT; };
		C77962CC1CFCAA6100517530 /* Base */ = {isa = PBXFileReference; lastKnownFileType = file.storyboard; name = Base; path = Base.lproj/Main.storyboard; sourceTree = "<group>"; };
		C7860CAB1CFA6A7C008F9514 /* InfoPostViewController.swift */ = {isa = PBXFileReference; fileEncoding = 4; lastKnownFileType = sourcecode.swift; path = InfoPostViewController.swift; sourceTree = "<group>"; };
		C79946761CEF5DDF00961D95 /* DataHandler.swift */ = {isa = PBXFileReference; fileEncoding = 4; lastKnownFileType = sourcecode.swift; path = DataHandler.swift; sourceTree = "<group>"; };
		C7BCB3D21CF35188007578B7 /* UdacityUserInfo+CoreDataProperties.swift */ = {isa = PBXFileReference; fileEncoding = 4; lastKnownFileType = sourcecode.swift; path = "UdacityUserInfo+CoreDataProperties.swift"; sourceTree = "<group>"; };
		C7BCB3D31CF35188007578B7 /* UdacityUserInfo.swift */ = {isa = PBXFileReference; fileEncoding = 4; lastKnownFileType = sourcecode.swift; path = UdacityUserInfo.swift; sourceTree = "<group>"; };
		C7CDBA831CF2802000E527D7 /* CoreDataStack.swift */ = {isa = PBXFileReference; fileEncoding = 4; lastKnownFileType = sourcecode.swift; path = CoreDataStack.swift; sourceTree = "<group>"; };
		C7D614C31CFBCEAF00409DBA /* UserLocationViewController.swift */ = {isa = PBXFileReference; fileEncoding = 4; lastKnownFileType = sourcecode.swift; path = UserLocationViewController.swift; sourceTree = "<group>"; };
		C7E125EA1CF75FF50002E7AC /* ApplicationDataStorage.swift */ = {isa = PBXFileReference; fileEncoding = 4; lastKnownFileType = sourcecode.swift; path = ApplicationDataStorage.swift; sourceTree = "<group>"; };
		C7E125EC1CF761110002E7AC /* TableViewController.swift */ = {isa = PBXFileReference; fileEncoding = 4; lastKnownFileType = sourcecode.swift; path = TableViewController.swift; sourceTree = "<group>"; };
		C7FB27291CF4A0CB00553752 /* MapViewController.swift */ = {isa = PBXFileReference; fileEncoding = 4; lastKnownFileType = sourcecode.swift; path = MapViewController.swift; sourceTree = "<group>"; };
/* End PBXFileReference section */

/* Begin PBXFrameworksBuildPhase section */
		C75FC6041CED051300893F45 /* Frameworks */ = {
			isa = PBXFrameworksBuildPhase;
			buildActionMask = 2147483647;
			files = (
			);
			runOnlyForDeploymentPostprocessing = 0;
		};
/* End PBXFrameworksBuildPhase section */

/* Begin PBXGroup section */
		C75E12BB1CED0E91002AA0F5 /* StudentInfo */ = {
			isa = PBXGroup;
			children = (
				C75FC62A1CED06A300893F45 /* StudentInfoMethods.swift */,
				C75FC6291CED06A300893F45 /* StudentInfo.swift */,
				C7E125E91CF75FDB0002E7AC /* RequiredSingletonStorage */,
			);
			name = StudentInfo;
			sourceTree = "<group>";
		};
		C75FC5FE1CED051300893F45 = {
			isa = PBXGroup;
			children = (
				C77962C91CFCA1D200517530 /* CoreLocation.framework */,
				C75FC6091CED051300893F45 /* OnTheMap */,
				C75FC6081CED051300893F45 /* Products */,
			);
			sourceTree = "<group>";
		};
		C75FC6081CED051300893F45 /* Products */ = {
			isa = PBXGroup;
			children = (
				C75FC6071CED051300893F45 /* OnTheMap.app */,
			);
			name = Products;
			sourceTree = "<group>";
		};
		C75FC6091CED051300893F45 /* OnTheMap */ = {
			isa = PBXGroup;
			children = (
				C7F817EF1CF20C57002A36C3 /* Model */,
				C7F817F01CF20C88002A36C3 /* View */,
				C7F817EE1CF20915002A36C3 /* Controllers */,
				C75FC60A1CED051300893F45 /* AppDelegate.swift */,
				C75FC6191CED051400893F45 /* Info.plist */,
				C75FC6111CED051400893F45 /* P3_OnTheMap_CoreData.xcdatamodeld */,
				C7CDBA831CF2802000E527D7 /* CoreDataStack.swift */,
			);
			name = OnTheMap;
			path = P3_OnTheMap_CoreData;
			sourceTree = "<group>";
		};
		C75FC6241CED05CA00893F45 /* APIs */ = {
			isa = PBXGroup;
			children = (
				C75FC62C1CED06A300893F45 /* UdacityLoginController.swift */,
				C75FC6271CED06A300893F45 /* ParseAPI.swift */,
				C75FC6361CED06E000893F45 /* Helpers */,
			);
			name = APIs;
			sourceTree = "<group>";
		};
		C75FC6361CED06E000893F45 /* Helpers */ = {
			isa = PBXGroup;
			children = (
				C75FC6281CED06A300893F45 /* RequestBuilder.swift */,
				C767701F1CF3C4FA007965B9 /* URLResponseCheck.swift */,
			);
			name = Helpers;
			sourceTree = "<group>";
		};
		C7E125E91CF75FDB0002E7AC /* RequiredSingletonStorage */ = {
			isa = PBXGroup;
			children = (
				C7E125EA1CF75FF50002E7AC /* ApplicationDataStorage.swift */,
			);
			name = RequiredSingletonStorage;
			sourceTree = "<group>";
		};
		C7F817EE1CF20915002A36C3 /* Controllers */ = {
			isa = PBXGroup;
			children = (
				C75E12BD1CED0F18002AA0F5 /* LoginViewController.swift */,
				C7FB27291CF4A0CB00553752 /* MapViewController.swift */,
				C7E125EC1CF761110002E7AC /* TableViewController.swift */,
				C79946761CEF5DDF00961D95 /* DataHandler.swift */,
				C7860CAB1CFA6A7C008F9514 /* InfoPostViewController.swift */,
				C7D614C31CFBCEAF00409DBA /* UserLocationViewController.swift */,
				C75FC6241CED05CA00893F45 /* APIs */,
			);
			name = Controllers;
			sourceTree = "<group>";
		};
		C7F817EF1CF20C57002A36C3 /* Model */ = {
			isa = PBXGroup;
			children = (
				C707085B1CF603BC00FC6333 /* StudentLocation+CoreDataProperties.swift */,
				C707085C1CF603BC00FC6333 /* StudentLocation.swift */,
				C7BCB3D21CF35188007578B7 /* UdacityUserInfo+CoreDataProperties.swift */,
				C7BCB3D31CF35188007578B7 /* UdacityUserInfo.swift */,
				C75E12BB1CED0E91002AA0F5 /* StudentInfo */,
			);
			name = Model;
			sourceTree = "<group>";
		};
		C7F817F01CF20C88002A36C3 /* View */ = {
			isa = PBXGroup;
			children = (
				C77962CB1CFCAA6100517530 /* Main.storyboard */,
				C75FC6141CED051400893F45 /* Assets.xcassets */,
				C75FC6161CED051400893F45 /* LaunchScreen.storyboard */,
			);
			name = View;
			sourceTree = "<group>";
		};
/* End PBXGroup section */

/* Begin PBXNativeTarget section */
		C75FC6061CED051300893F45 /* OnTheMap */ = {
			isa = PBXNativeTarget;
			buildConfigurationList = C75FC61C1CED051400893F45 /* Build configuration list for PBXNativeTarget "OnTheMap" */;
			buildPhases = (
				C75FC6031CED051300893F45 /* Sources */,
				C75FC6041CED051300893F45 /* Frameworks */,
				C75FC6051CED051300893F45 /* Resources */,
			);
			buildRules = (
			);
			dependencies = (
			);
			name = OnTheMap;
			productName = P3_OnTheMap_CoreData;
			productReference = C75FC6071CED051300893F45 /* OnTheMap.app */;
			productType = "com.apple.product-type.application";
		};
/* End PBXNativeTarget section */

/* Begin PBXProject section */
		C75FC5FF1CED051300893F45 /* Project object */ = {
			isa = PBXProject;
			attributes = {
				LastSwiftUpdateCheck = 0730;
				LastUpgradeCheck = 0800;
				ORGANIZATIONNAME = TomTheToad;
				TargetAttributes = {
					C75FC6061CED051300893F45 = {
						CreatedOnToolsVersion = 7.3.1;
						LastSwiftMigration = 0800;
					};
				};
			};
			buildConfigurationList = C75FC6021CED051300893F45 /* Build configuration list for PBXProject "OnTheMap" */;
			compatibilityVersion = "Xcode 3.2";
			developmentRegion = English;
			hasScannedForEncodings = 0;
			knownRegions = (
				en,
				Base,
			);
			mainGroup = C75FC5FE1CED051300893F45;
			productRefGroup = C75FC6081CED051300893F45 /* Products */;
			projectDirPath = "";
			projectRoot = "";
			targets = (
				C75FC6061CED051300893F45 /* OnTheMap */,
			);
		};
/* End PBXProject section */

/* Begin PBXResourcesBuildPhase section */
		C75FC6051CED051300893F45 /* Resources */ = {
			isa = PBXResourcesBuildPhase;
			buildActionMask = 2147483647;
			files = (
				C77962CD1CFCAA6100517530 /* Main.storyboard in Resources */,
				C75FC6181CED051400893F45 /* LaunchScreen.storyboard in Resources */,
				C75FC6151CED051400893F45 /* Assets.xcassets in Resources */,
			);
			runOnlyForDeploymentPostprocessing = 0;
		};
/* End PBXResourcesBuildPhase section */

/* Begin PBXSourcesBuildPhase section */
		C75FC6031CED051300893F45 /* Sources */ = {
			isa = PBXSourcesBuildPhase;
			buildActionMask = 2147483647;
			files = (
				C707085E1CF603BC00FC6333 /* StudentLocation.swift in Sources */,
				C75FC6301CED06A300893F45 /* RequestBuilder.swift in Sources */,
				C7860CAC1CFA6A7C008F9514 /* InfoPostViewController.swift in Sources */,
				C75FC6131CED051400893F45 /* P3_OnTheMap_CoreData.xcdatamodeld in Sources */,
				C7D614C41CFBCEAF00409DBA /* UserLocationViewController.swift in Sources */,
				C76770201CF3C4FA007965B9 /* URLResponseCheck.swift in Sources */,
				C75FC6321CED06A300893F45 /* StudentInfoMethods.swift in Sources */,
				C75FC6341CED06A300893F45 /* UdacityLoginController.swift in Sources */,
				C75FC62F1CED06A300893F45 /* ParseAPI.swift in Sources */,
				C7E125ED1CF761110002E7AC /* TableViewController.swift in Sources */,
				C707085D1CF603BC00FC6333 /* StudentLocation+CoreDataProperties.swift in Sources */,
				C7E125EB1CF75FF50002E7AC /* ApplicationDataStorage.swift in Sources */,
				C75FC60B1CED051300893F45 /* AppDelegate.swift in Sources */,
				C79946771CEF5DDF00961D95 /* DataHandler.swift in Sources */,
				C7CDBA841CF2802000E527D7 /* CoreDataStack.swift in Sources */,
				C75FC6311CED06A300893F45 /* StudentInfo.swift in Sources */,
				C7BCB3D51CF35188007578B7 /* UdacityUserInfo.swift in Sources */,
				C7BCB3D41CF35188007578B7 /* UdacityUserInfo+CoreDataProperties.swift in Sources */,
				C75E12BE1CED0F18002AA0F5 /* LoginViewController.swift in Sources */,
				C7FB272A1CF4A0CB00553752 /* MapViewController.swift in Sources */,
			);
			runOnlyForDeploymentPostprocessing = 0;
		};
/* End PBXSourcesBuildPhase section */

/* Begin PBXVariantGroup section */
		C75FC6161CED051400893F45 /* LaunchScreen.storyboard */ = {
			isa = PBXVariantGroup;
			children = (
				C75FC6171CED051400893F45 /* Base */,
			);
			name = LaunchScreen.storyboard;
			sourceTree = "<group>";
		};
		C77962CB1CFCAA6100517530 /* Main.storyboard */ = {
			isa = PBXVariantGroup;
			children = (
				C77962CC1CFCAA6100517530 /* Base */,
			);
			name = Main.storyboard;
			sourceTree = "<group>";
		};
/* End PBXVariantGroup section */

/* Begin XCBuildConfiguration section */
		C75FC61A1CED051400893F45 /* Debug */ = {
			isa = XCBuildConfiguration;
			buildSettings = {
				ALWAYS_SEARCH_USER_PATHS = NO;
				CLANG_ANALYZER_NONNULL = YES;
				CLANG_CXX_LANGUAGE_STANDARD = "gnu++0x";
				CLANG_CXX_LIBRARY = "libc++";
				CLANG_ENABLE_MODULES = YES;
				CLANG_ENABLE_OBJC_ARC = YES;
				CLANG_WARN_BOOL_CONVERSION = YES;
				CLANG_WARN_CONSTANT_CONVERSION = YES;
				CLANG_WARN_DIRECT_OBJC_ISA_USAGE = YES_ERROR;
				CLANG_WARN_EMPTY_BODY = YES;
				CLANG_WARN_ENUM_CONVERSION = YES;
				CLANG_WARN_INFINITE_RECURSION = YES;
				CLANG_WARN_INT_CONVERSION = YES;
				CLANG_WARN_OBJC_ROOT_CLASS = YES_ERROR;
				CLANG_WARN_SUSPICIOUS_MOVE = YES;
				CLANG_WARN_UNREACHABLE_CODE = YES;
				CLANG_WARN__DUPLICATE_METHOD_MATCH = YES;
				"CODE_SIGN_IDENTITY[sdk=iphoneos*]" = "iPhone Developer";
				COPY_PHASE_STRIP = NO;
				DEBUG_INFORMATION_FORMAT = dwarf;
				ENABLE_STRICT_OBJC_MSGSEND = YES;
				ENABLE_TESTABILITY = YES;
				GCC_C_LANGUAGE_STANDARD = gnu99;
				GCC_DYNAMIC_NO_PIC = NO;
				GCC_NO_COMMON_BLOCKS = YES;
				GCC_OPTIMIZATION_LEVEL = 0;
				GCC_PREPROCESSOR_DEFINITIONS = (
					"DEBUG=1",
					"$(inherited)",
				);
				GCC_WARN_64_TO_32_BIT_CONVERSION = YES;
				GCC_WARN_ABOUT_RETURN_TYPE = YES_ERROR;
				GCC_WARN_UNDECLARED_SELECTOR = YES;
				GCC_WARN_UNINITIALIZED_AUTOS = YES_AGGRESSIVE;
				GCC_WARN_UNUSED_FUNCTION = YES;
				GCC_WARN_UNUSED_VARIABLE = YES;
				IPHONEOS_DEPLOYMENT_TARGET = 9.3;
				MTL_ENABLE_DEBUG_INFO = YES;
				ONLY_ACTIVE_ARCH = YES;
				SDKROOT = iphoneos;
				SWIFT_OPTIMIZATION_LEVEL = "-Onone";
			};
			name = Debug;
		};
		C75FC61B1CED051400893F45 /* Release */ = {
			isa = XCBuildConfiguration;
			buildSettings = {
				ALWAYS_SEARCH_USER_PATHS = NO;
				CLANG_ANALYZER_NONNULL = YES;
				CLANG_CXX_LANGUAGE_STANDARD = "gnu++0x";
				CLANG_CXX_LIBRARY = "libc++";
				CLANG_ENABLE_MODULES = YES;
				CLANG_ENABLE_OBJC_ARC = YES;
				CLANG_WARN_BOOL_CONVERSION = YES;
				CLANG_WARN_CONSTANT_CONVERSION = YES;
				CLANG_WARN_DIRECT_OBJC_ISA_USAGE = YES_ERROR;
				CLANG_WARN_EMPTY_BODY = YES;
				CLANG_WARN_ENUM_CONVERSION = YES;
				CLANG_WARN_INFINITE_RECURSION = YES;
				CLANG_WARN_INT_CONVERSION = YES;
				CLANG_WARN_OBJC_ROOT_CLASS = YES_ERROR;
				CLANG_WARN_SUSPICIOUS_MOVE = YES;
				CLANG_WARN_UNREACHABLE_CODE = YES;
				CLANG_WARN__DUPLICATE_METHOD_MATCH = YES;
				"CODE_SIGN_IDENTITY[sdk=iphoneos*]" = "iPhone Developer";
				COPY_PHASE_STRIP = NO;
				DEBUG_INFORMATION_FORMAT = "dwarf-with-dsym";
				ENABLE_NS_ASSERTIONS = NO;
				ENABLE_STRICT_OBJC_MSGSEND = YES;
				GCC_C_LANGUAGE_STANDARD = gnu99;
				GCC_NO_COMMON_BLOCKS = YES;
				GCC_WARN_64_TO_32_BIT_CONVERSION = YES;
				GCC_WARN_ABOUT_RETURN_TYPE = YES_ERROR;
				GCC_WARN_UNDECLARED_SELECTOR = YES;
				GCC_WARN_UNINITIALIZED_AUTOS = YES_AGGRESSIVE;
				GCC_WARN_UNUSED_FUNCTION = YES;
				GCC_WARN_UNUSED_VARIABLE = YES;
				IPHONEOS_DEPLOYMENT_TARGET = 9.3;
				MTL_ENABLE_DEBUG_INFO = NO;
				SDKROOT = iphoneos;
				SWIFT_OPTIMIZATION_LEVEL = "-Owholemodule";
				VALIDATE_PRODUCT = YES;
			};
			name = Release;
		};
		C75FC61D1CED051400893F45 /* Debug */ = {
			isa = XCBuildConfiguration;
			buildSettings = {
				ASSETCATALOG_COMPILER_APPICON_NAME = AppIcon;
				INFOPLIST_FILE = P3_OnTheMap_CoreData/Info.plist;
				LD_RUNPATH_SEARCH_PATHS = "$(inherited) @executable_path/Frameworks";
				PRODUCT_BUNDLE_IDENTIFIER = "com.tomthetoad.P3-OnTheMap-CoreData";
				PRODUCT_NAME = OnTheMap;
				SWIFT_VERSION = 3.0;
			};
			name = Debug;
		};
		C75FC61E1CED051400893F45 /* Release */ = {
			isa = XCBuildConfiguration;
			buildSettings = {
				ASSETCATALOG_COMPILER_APPICON_NAME = AppIcon;
				INFOPLIST_FILE = P3_OnTheMap_CoreData/Info.plist;
				LD_RUNPATH_SEARCH_PATHS = "$(inherited) @executable_path/Frameworks";
				PRODUCT_BUNDLE_IDENTIFIER = "com.tomthetoad.P3-OnTheMap-CoreData";
				PRODUCT_NAME = OnTheMap;
				SWIFT_VERSION = 3.0;
			};
			name = Release;
		};
/* End XCBuildConfiguration section */

/* Begin XCConfigurationList section */
		C75FC6021CED051300893F45 /* Build configuration list for PBXProject "OnTheMap" */ = {
			isa = XCConfigurationList;
			buildConfigurations = (
				C75FC61A1CED051400893F45 /* Debug */,
				C75FC61B1CED051400893F45 /* Release */,
			);
			defaultConfigurationIsVisible = 0;
			defaultConfigurationName = Release;
		};
		C75FC61C1CED051400893F45 /* Build configuration list for PBXNativeTarget "OnTheMap" */ = {
			isa = XCConfigurationList;
			buildConfigurations = (
				C75FC61D1CED051400893F45 /* Debug */,
				C75FC61E1CED051400893F45 /* Release */,
			);
			defaultConfigurationIsVisible = 0;
			defaultConfigurationName = Release;
		};
/* End XCConfigurationList section */

/* Begin XCVersionGroup section */
		C75FC6111CED051400893F45 /* P3_OnTheMap_CoreData.xcdatamodeld */ = {
			isa = XCVersionGroup;
			children = (
				C75FC6121CED051400893F45 /* P3_OnTheMap_CoreData.xcdatamodel */,
			);
			currentVersion = C75FC6121CED051400893F45 /* P3_OnTheMap_CoreData.xcdatamodel */;
			path = P3_OnTheMap_CoreData.xcdatamodeld;
			sourceTree = "<group>";
			versionGroupType = wrapper.xcdatamodel;
		};
/* End XCVersionGroup section */
	};
	rootObject = C75FC5FF1CED051300893F45 /* Project object */;
}
